
Microsoft Visual Studio Solution File, Format Version 12.00
# Visual Studio Version 16
VisualStudioVersion = 25.0.1705.4
MinimumVisualStudioVersion = 10.0.40219.1
Project("{FAE04EC0-301F-11D3-BF4B-00C04F79EFBC}") = "MyProject0", "MyProject0\MyProject0.csproj", "{ADA0FDD8-28C8-40BC-88B0-32E5AC589AD3}"
EndProject
Global
	GlobalSection(SolutionConfigurationPlatforms) = preSolution
		Debug|Any CPU = Debug|Any CPU
		Release|Any CPU = Release|Any CPU
	EndGlobalSection
	GlobalSection(ProjectConfigurationPlatforms) = postSolution
		{ADA0FDD8-28C8-40BC-88B0-32E5AC589AD3}.Debug|Any CPU.ActiveCfg = Debug|Any CPU
		{ADA0FDD8-28C8-40BC-88B0-32E5AC589AD3}.Debug|Any CPU.Build.0 = Debug|Any CPU
		{ADA0FDD8-28C8-40BC-88B0-32E5AC589AD3}.Release|Any CPU.ActiveCfg = Release|Any CPU
		{ADA0FDD8-28C8-40BC-88B0-32E5AC589AD3}.Release|Any CPU.Build.0 = Release|Any CPU
	EndGlobalSection
	GlobalSection(SolutionProperties) = preSolution
		HideSolutionNode = FALSE
	EndGlobalSection
	GlobalSection(ExtensibilityGlobals) = postSolution
		SolutionGuid = {72EFA8D1-B593-4B4C-A1DE-F14AB057435D}
	EndGlobalSection
EndGlobal
