
Microsoft Visual Studio Solution File, Format Version 12.00
# Visual Studio Version 16
VisualStudioVersion = 25.0.1705.4
MinimumVisualStudioVersion = 10.0.40219.1
Project("{FAE04EC0-301F-11D3-BF4B-00C04F79EFBC}") = "MyProject0", "MyProject0\MyProject0.csproj", "{ADA0FDD8-28C8-40BC-88B0-32E5AC589AD3}"
EndProject
Project("{FAE04EC0-301F-11D3-BF4B-00C04F79EFBC}") = "Razor Project", "Razor Project\Razor Project.csproj", "{9C7C7F37-F424-4262-AC00-FEA2375ACED7}"
EndProject
Project("{FAE04EC0-301F-11D3-BF4B-00C04F79EFBC}") = "MyProject0.Models", "MyProject0.Models\MyProject0.Models.csproj", "{2C9B8DD0-D04F-4B95-AA51-0DC6509DF53C}"
EndProject
Project("{FAE04EC0-301F-11D3-BF4B-00C04F79EFBC}") = "MyProject0.Utility", "MyProject0.Utility\MyProject0.Utility.csproj", "{EEDFD535-2E12-4AB4-A499-9F6A8D911396}"
EndProject
Project("{9344BDBB-3E7F-41FC-A0DD-8665D75EE146}") = "MyProject.DataAccess", "MyProject.DataAccess\MyProject.DataAccess.csproj", "{0DA88028-7CED-40B0-A026-211D4CEB4070}"
EndProject
Project("{FAE04EC0-301F-11D3-BF4B-00C04F79EFBC}") = "MyProject0.DataAccess", "MyProject0.DataAccess\MyProject0.DataAccess.csproj", "{0476B423-C65F-4A6D-950D-D19A4F3F4C3A}"
EndProject
Global
	GlobalSection(SolutionConfigurationPlatforms) = preSolution
		Debug|Any CPU = Debug|Any CPU
		Release|Any CPU = Release|Any CPU
	EndGlobalSection
	GlobalSection(ProjectConfigurationPlatforms) = postSolution
		{ADA0FDD8-28C8-40BC-88B0-32E5AC589AD3}.Debug|Any CPU.ActiveCfg = Debug|Any CPU
		{ADA0FDD8-28C8-40BC-88B0-32E5AC589AD3}.Debug|Any CPU.Build.0 = Debug|Any CPU
		{ADA0FDD8-28C8-40BC-88B0-32E5AC589AD3}.Release|Any CPU.ActiveCfg = Release|Any CPU
		{ADA0FDD8-28C8-40BC-88B0-32E5AC589AD3}.Release|Any CPU.Build.0 = Release|Any CPU
		{9C7C7F37-F424-4262-AC00-FEA2375ACED7}.Debug|Any CPU.ActiveCfg = Debug|Any CPU
		{9C7C7F37-F424-4262-AC00-FEA2375ACED7}.Debug|Any CPU.Build.0 = Debug|Any CPU
		{9C7C7F37-F424-4262-AC00-FEA2375ACED7}.Release|Any CPU.ActiveCfg = Release|Any CPU
		{9C7C7F37-F424-4262-AC00-FEA2375ACED7}.Release|Any CPU.Build.0 = Release|Any CPU
		{2C9B8DD0-D04F-4B95-AA51-0DC6509DF53C}.Debug|Any CPU.ActiveCfg = Debug|Any CPU
		{2C9B8DD0-D04F-4B95-AA51-0DC6509DF53C}.Debug|Any CPU.Build.0 = Debug|Any CPU
		{2C9B8DD0-D04F-4B95-AA51-0DC6509DF53C}.Release|Any CPU.ActiveCfg = Release|Any CPU
		{2C9B8DD0-D04F-4B95-AA51-0DC6509DF53C}.Release|Any CPU.Build.0 = Release|Any CPU
		{EEDFD535-2E12-4AB4-A499-9F6A8D911396}.Debug|Any CPU.ActiveCfg = Debug|Any CPU
		{EEDFD535-2E12-4AB4-A499-9F6A8D911396}.Debug|Any CPU.Build.0 = Debug|Any CPU
		{EEDFD535-2E12-4AB4-A499-9F6A8D911396}.Release|Any CPU.ActiveCfg = Release|Any CPU
		{EEDFD535-2E12-4AB4-A499-9F6A8D911396}.Release|Any CPU.Build.0 = Release|Any CPU
		{0DA88028-7CED-40B0-A026-211D4CEB4070}.Debug|Any CPU.ActiveCfg = Debug|Any CPU
		{0DA88028-7CED-40B0-A026-211D4CEB4070}.Debug|Any CPU.Build.0 = Debug|Any CPU
		{0DA88028-7CED-40B0-A026-211D4CEB4070}.Release|Any CPU.ActiveCfg = Release|Any CPU
		{0DA88028-7CED-40B0-A026-211D4CEB4070}.Release|Any CPU.Build.0 = Release|Any CPU
		{0476B423-C65F-4A6D-950D-D19A4F3F4C3A}.Debug|Any CPU.ActiveCfg = Debug|Any CPU
		{0476B423-C65F-4A6D-950D-D19A4F3F4C3A}.Debug|Any CPU.Build.0 = Debug|Any CPU
		{0476B423-C65F-4A6D-950D-D19A4F3F4C3A}.Release|Any CPU.ActiveCfg = Release|Any CPU
		{0476B423-C65F-4A6D-950D-D19A4F3F4C3A}.Release|Any CPU.Build.0 = Release|Any CPU
	EndGlobalSection
	GlobalSection(SolutionProperties) = preSolution
		HideSolutionNode = FALSE
	EndGlobalSection
	GlobalSection(ExtensibilityGlobals) = postSolution
		SolutionGuid = {72EFA8D1-B593-4B4C-A1DE-F14AB057435D}
	EndGlobalSection
EndGlobal
